
Microsoft Visual Studio Solution File, Format Version 12.00
# Visual Studio 15
VisualStudioVersion = 15.0.26228.86
MinimumVisualStudioVersion = 10.0.40219.1
Project("{FAE04EC0-301F-11D3-BF4B-00C04F79EFBC}") = "SitecoreFriendlyErrors", "src\SitecoreFriendlyErrors\SitecoreFriendlyErrors.csproj", "{FC52B257-0DC1-4B6B-94BB-FB64FBA13DB8}"
EndProject
Global
	GlobalSection(SolutionConfigurationPlatforms) = preSolution
		Debug|Any CPU = Debug|Any CPU
		Release|Any CPU = Release|Any CPU
	EndGlobalSection
	GlobalSection(ProjectConfigurationPlatforms) = postSolution
		{FC52B257-0DC1-4B6B-94BB-FB64FBA13DB8}.Debug|Any CPU.ActiveCfg = Debug|Any CPU
		{FC52B257-0DC1-4B6B-94BB-FB64FBA13DB8}.Debug|Any CPU.Build.0 = Debug|Any CPU
		{FC52B257-0DC1-4B6B-94BB-FB64FBA13DB8}.Release|Any CPU.ActiveCfg = Release|Any CPU
		{FC52B257-0DC1-4B6B-94BB-FB64FBA13DB8}.Release|Any CPU.Build.0 = Release|Any CPU
	EndGlobalSection
	GlobalSection(SolutionProperties) = preSolution
		HideSolutionNode = FALSE
	EndGlobalSection
	GlobalSection(ExtensibilityGlobals) = postSolution
		SolutionGuid = {9A6CEC53-9935-4534-92A9-A9934FE88E06}
	EndGlobalSection
EndGlobal
